
Microsoft Visual Studio Solution File, Format Version 12.00
# Visual Studio Version 16
VisualStudioVersion = 16.0.29905.134
MinimumVisualStudioVersion = 10.0.40219.1
Project("{FAE04EC0-301F-11D3-BF4B-00C04F79EFBC}") = "ImportFileToSQLDB", "ImportFileToSQLDB.csproj", "{EC2591E0-1518-422D-A39A-1307A06F281C}"
EndProject
Global
	GlobalSection(SolutionConfigurationPlatforms) = preSolution
		Debug|Any CPU = Debug|Any CPU
		Release|Any CPU = Release|Any CPU
	EndGlobalSection
	GlobalSection(ProjectConfigurationPlatforms) = postSolution
		{EC2591E0-1518-422D-A39A-1307A06F281C}.Debug|Any CPU.ActiveCfg = Debug|Any CPU
		{EC2591E0-1518-422D-A39A-1307A06F281C}.Debug|Any CPU.Build.0 = Debug|Any CPU
		{EC2591E0-1518-422D-A39A-1307A06F281C}.Release|Any CPU.ActiveCfg = Release|Any CPU
		{EC2591E0-1518-422D-A39A-1307A06F281C}.Release|Any CPU.Build.0 = Release|Any CPU
	EndGlobalSection
	GlobalSection(SolutionProperties) = preSolution
		HideSolutionNode = FALSE
	EndGlobalSection
	GlobalSection(ExtensibilityGlobals) = postSolution
		SolutionGuid = {3B4E9857-31C7-4345-8F9C-7B7381E0EEEB}
	EndGlobalSection
EndGlobal
